
Microsoft Visual Studio Solution File, Format Version 12.00
# Visual Studio Version 17
VisualStudioVersion = 17.8.34601.278
MinimumVisualStudioVersion = 10.0.40219.1
Project("{2150E333-8FDC-42A3-9474-1A3956D46DE8}") = "src", "src", "{D34FFD55-5A42-4EDF-BC36-DD7379C056CD}"
EndProject
Project("{2150E333-8FDC-42A3-9474-1A3956D46DE8}") = "test", "test", "{45EA9074-EC3A-40B3-BA63-65F647D8D05A}"
EndProject
Project("{2150E333-8FDC-42A3-9474-1A3956D46DE8}") = "API", "API", "{A917665A-37FB-43D9-B978-E233A06A6B46}"
EndProject
Project("{2150E333-8FDC-42A3-9474-1A3956D46DE8}") = "Application", "Application", "{5D1496A3-33F0-47C9-AF89-FE075BB3DF9F}"
EndProject
Project("{2150E333-8FDC-42A3-9474-1A3956D46DE8}") = "Domain", "Domain", "{1E27CFDE-482D-4D34-9261-2F4F3771028F}"
EndProject
Project("{2150E333-8FDC-42A3-9474-1A3956D46DE8}") = "Infastructure", "Infastructure", "{EDEDD8CD-3F59-48A9-AC7E-5AA3F68D0ED0}"
EndProject
Project("{FAE04EC0-301F-11D3-BF4B-00C04F79EFBC}") = "Application.Test", "Application.Test\Application.Test.csproj", "{DFFA3B8F-4006-4F0C-8A4B-11656E94593B}"
EndProject
Project("{FAE04EC0-301F-11D3-BF4B-00C04F79EFBC}") = "BookManagement.API", "BookManagement.API\BookManagement.API.csproj", "{B27B1DC1-DD69-4F4F-AD80-09CC0B02B1CF}"
EndProject
Project("{FAE04EC0-301F-11D3-BF4B-00C04F79EFBC}") = "Application", "Application\Application.csproj", "{FC1646AB-9141-4691-BDCB-EA591287DC51}"
EndProject
Project("{FAE04EC0-301F-11D3-BF4B-00C04F79EFBC}") = "Domain", "Domain\Domain.csproj", "{A3F506CF-8743-4BAB-B1EC-2EBAF85A9C23}"
EndProject
Project("{FAE04EC0-301F-11D3-BF4B-00C04F79EFBC}") = "Infastructure", "Infastructure\Infastructure.csproj", "{1BC771D0-7FBC-4D9D-B980-65E684E8C6E0}"
EndProject
Global
	GlobalSection(SolutionConfigurationPlatforms) = preSolution
		Debug|Any CPU = Debug|Any CPU
		Release|Any CPU = Release|Any CPU
	EndGlobalSection
	GlobalSection(ProjectConfigurationPlatforms) = postSolution
		{DFFA3B8F-4006-4F0C-8A4B-11656E94593B}.Debug|Any CPU.ActiveCfg = Debug|Any CPU
		{DFFA3B8F-4006-4F0C-8A4B-11656E94593B}.Debug|Any CPU.Build.0 = Debug|Any CPU
		{DFFA3B8F-4006-4F0C-8A4B-11656E94593B}.Release|Any CPU.ActiveCfg = Release|Any CPU
		{DFFA3B8F-4006-4F0C-8A4B-11656E94593B}.Release|Any CPU.Build.0 = Release|Any CPU
		{B27B1DC1-DD69-4F4F-AD80-09CC0B02B1CF}.Debug|Any CPU.ActiveCfg = Debug|Any CPU
		{B27B1DC1-DD69-4F4F-AD80-09CC0B02B1CF}.Debug|Any CPU.Build.0 = Debug|Any CPU
		{B27B1DC1-DD69-4F4F-AD80-09CC0B02B1CF}.Release|Any CPU.ActiveCfg = Release|Any CPU
		{B27B1DC1-DD69-4F4F-AD80-09CC0B02B1CF}.Release|Any CPU.Build.0 = Release|Any CPU
		{FC1646AB-9141-4691-BDCB-EA591287DC51}.Debug|Any CPU.ActiveCfg = Debug|Any CPU
		{FC1646AB-9141-4691-BDCB-EA591287DC51}.Debug|Any CPU.Build.0 = Debug|Any CPU
		{FC1646AB-9141-4691-BDCB-EA591287DC51}.Release|Any CPU.ActiveCfg = Release|Any CPU
		{FC1646AB-9141-4691-BDCB-EA591287DC51}.Release|Any CPU.Build.0 = Release|Any CPU
		{A3F506CF-8743-4BAB-B1EC-2EBAF85A9C23}.Debug|Any CPU.ActiveCfg = Debug|Any CPU
		{A3F506CF-8743-4BAB-B1EC-2EBAF85A9C23}.Debug|Any CPU.Build.0 = Debug|Any CPU
		{A3F506CF-8743-4BAB-B1EC-2EBAF85A9C23}.Release|Any CPU.ActiveCfg = Release|Any CPU
		{A3F506CF-8743-4BAB-B1EC-2EBAF85A9C23}.Release|Any CPU.Build.0 = Release|Any CPU
		{1BC771D0-7FBC-4D9D-B980-65E684E8C6E0}.Debug|Any CPU.ActiveCfg = Debug|Any CPU
		{1BC771D0-7FBC-4D9D-B980-65E684E8C6E0}.Debug|Any CPU.Build.0 = Debug|Any CPU
		{1BC771D0-7FBC-4D9D-B980-65E684E8C6E0}.Release|Any CPU.ActiveCfg = Release|Any CPU
		{1BC771D0-7FBC-4D9D-B980-65E684E8C6E0}.Release|Any CPU.Build.0 = Release|Any CPU
	EndGlobalSection
	GlobalSection(SolutionProperties) = preSolution
		HideSolutionNode = FALSE
	EndGlobalSection
	GlobalSection(NestedProjects) = preSolution
		{A917665A-37FB-43D9-B978-E233A06A6B46} = {D34FFD55-5A42-4EDF-BC36-DD7379C056CD}
		{5D1496A3-33F0-47C9-AF89-FE075BB3DF9F} = {D34FFD55-5A42-4EDF-BC36-DD7379C056CD}
		{1E27CFDE-482D-4D34-9261-2F4F3771028F} = {D34FFD55-5A42-4EDF-BC36-DD7379C056CD}
		{EDEDD8CD-3F59-48A9-AC7E-5AA3F68D0ED0} = {D34FFD55-5A42-4EDF-BC36-DD7379C056CD}
		{DFFA3B8F-4006-4F0C-8A4B-11656E94593B} = {45EA9074-EC3A-40B3-BA63-65F647D8D05A}
		{B27B1DC1-DD69-4F4F-AD80-09CC0B02B1CF} = {A917665A-37FB-43D9-B978-E233A06A6B46}
		{FC1646AB-9141-4691-BDCB-EA591287DC51} = {5D1496A3-33F0-47C9-AF89-FE075BB3DF9F}
		{A3F506CF-8743-4BAB-B1EC-2EBAF85A9C23} = {1E27CFDE-482D-4D34-9261-2F4F3771028F}
		{1BC771D0-7FBC-4D9D-B980-65E684E8C6E0} = {EDEDD8CD-3F59-48A9-AC7E-5AA3F68D0ED0}
	EndGlobalSection
	GlobalSection(ExtensibilityGlobals) = postSolution
		SolutionGuid = {7FA69503-1E24-4F61-AC74-D9FE4AE5F0A3}
	EndGlobalSection
EndGlobal
